
Microsoft Visual Studio Solution File, Format Version 11.00
# Visual Studio 2010
Project("{FAE04EC0-301F-11D3-BF4B-00C04F79EFBC}") = "DnTeam", "DnTeam\DnTeam.csproj", "{E0DE2890-1A99-4892-B53D-F17533D06960}"
EndProject
Project("{FAE04EC0-301F-11D3-BF4B-00C04F79EFBC}") = "DnTeamData", "DnTeamModel\DnTeamData.csproj", "{9AA47A1B-D573-4BC2-9760-9880A4CF758F}"
EndProject
Project("{FAE04EC0-301F-11D3-BF4B-00C04F79EFBC}") = "DnTeam.Tests", "DnTeam.Tests\DnTeam.Tests.csproj", "{F33FCC10-31E0-472F-A9E7-BDE11993200A}"
EndProject
Project("{FAE04EC0-301F-11D3-BF4B-00C04F79EFBC}") = "Bson", "mongo-csharp-driver\Bson\Bson.csproj", "{0E9A3A2A-49CD-4F6C-847C-DC79B4B65CE6}"
EndProject
Project("{FAE04EC0-301F-11D3-BF4B-00C04F79EFBC}") = "Driver", "mongo-csharp-driver\Driver\Driver.csproj", "{AE5166CD-76B0-4911-BD80-CED9521F37A1}"
EndProject
Project("{2150E333-8FDC-42A3-9474-1A3956D46DE8}") = "MongoDB Driver", "MongoDB Driver", "{1FC63E97-C323-4420-8E89-EAAFBC2F686B}"
EndProject
Global
	GlobalSection(SolutionConfigurationPlatforms) = preSolution
		Debug|Any CPU = Debug|Any CPU
		Release|Any CPU = Release|Any CPU
	EndGlobalSection
	GlobalSection(ProjectConfigurationPlatforms) = postSolution
		{E0DE2890-1A99-4892-B53D-F17533D06960}.Debug|Any CPU.ActiveCfg = Debug|Any CPU
		{E0DE2890-1A99-4892-B53D-F17533D06960}.Debug|Any CPU.Build.0 = Debug|Any CPU
		{E0DE2890-1A99-4892-B53D-F17533D06960}.Release|Any CPU.ActiveCfg = Release|Any CPU
		{E0DE2890-1A99-4892-B53D-F17533D06960}.Release|Any CPU.Build.0 = Release|Any CPU
		{9AA47A1B-D573-4BC2-9760-9880A4CF758F}.Debug|Any CPU.ActiveCfg = Debug|Any CPU
		{9AA47A1B-D573-4BC2-9760-9880A4CF758F}.Debug|Any CPU.Build.0 = Debug|Any CPU
		{9AA47A1B-D573-4BC2-9760-9880A4CF758F}.Release|Any CPU.ActiveCfg = Release|Any CPU
		{9AA47A1B-D573-4BC2-9760-9880A4CF758F}.Release|Any CPU.Build.0 = Release|Any CPU
		{F33FCC10-31E0-472F-A9E7-BDE11993200A}.Debug|Any CPU.ActiveCfg = Debug|Any CPU
		{F33FCC10-31E0-472F-A9E7-BDE11993200A}.Debug|Any CPU.Build.0 = Debug|Any CPU
		{F33FCC10-31E0-472F-A9E7-BDE11993200A}.Release|Any CPU.ActiveCfg = Release|Any CPU
		{0E9A3A2A-49CD-4F6C-847C-DC79B4B65CE6}.Debug|Any CPU.ActiveCfg = Debug|Any CPU
		{0E9A3A2A-49CD-4F6C-847C-DC79B4B65CE6}.Release|Any CPU.ActiveCfg = Release|Any CPU
		{AE5166CD-76B0-4911-BD80-CED9521F37A1}.Debug|Any CPU.ActiveCfg = Debug|Any CPU
		{AE5166CD-76B0-4911-BD80-CED9521F37A1}.Release|Any CPU.ActiveCfg = Release|Any CPU
	EndGlobalSection
	GlobalSection(SolutionProperties) = preSolution
		HideSolutionNode = FALSE
	EndGlobalSection
	GlobalSection(NestedProjects) = preSolution
		{AE5166CD-76B0-4911-BD80-CED9521F37A1} = {1FC63E97-C323-4420-8E89-EAAFBC2F686B}
		{0E9A3A2A-49CD-4F6C-847C-DC79B4B65CE6} = {1FC63E97-C323-4420-8E89-EAAFBC2F686B}
	EndGlobalSection
EndGlobal
